// !$*UTF8*$!
{
	archiveVersion = 1;
	classes = {
	};
	objectVersion = 52;
	objects = {

/* Begin PBXBuildFile section */
		9F4C723C2547322F00699C0E /* Spotify_Apple_Music_TransferApp.swift in Sources */ = {isa = PBXBuildFile; fileRef = 9F4C723B2547322F00699C0E /* Spotify_Apple_Music_TransferApp.swift */; };
		9F4C723E2547322F00699C0E /* ContentView.swift in Sources */ = {isa = PBXBuildFile; fileRef = 9F4C723D2547322F00699C0E /* ContentView.swift */; };
		9F4C72402547323100699C0E /* Assets.xcassets in Resources */ = {isa = PBXBuildFile; fileRef = 9F4C723F2547323100699C0E /* Assets.xcassets */; };
		9F4C72432547323100699C0E /* Preview Assets.xcassets in Resources */ = {isa = PBXBuildFile; fileRef = 9F4C72422547323100699C0E /* Preview Assets.xcassets */; };
		9F4C724D2547325100699C0E /* AppleMusicAPI in Frameworks */ = {isa = PBXBuildFile; productRef = 9F4C724C2547325100699C0E /* AppleMusicAPI */; };
		9F4C72512547326900699C0E /* SpotifyAPI in Frameworks */ = {isa = PBXBuildFile; productRef = 9F4C72502547326900699C0E /* SpotifyAPI */; };
		9F4C72562547329600699C0E /* AppleMusicAuthViewModel.swift in Sources */ = {isa = PBXBuildFile; fileRef = 9F4C72552547329600699C0E /* AppleMusicAuthViewModel.swift */; };
		9F4C725A254732A200699C0E /* SpotifyAuthViewModel.swift in Sources */ = {isa = PBXBuildFile; fileRef = 9F4C7259254732A200699C0E /* SpotifyAuthViewModel.swift */; };
		9F4C725D254732CF00699C0E /* AppleMusicPlaylistList.swift in Sources */ = {isa = PBXBuildFile; fileRef = 9F4C725C254732CF00699C0E /* AppleMusicPlaylistList.swift */; };
		9F4C7261254732DC00699C0E /* SpotifyPlaylistList.swift in Sources */ = {isa = PBXBuildFile; fileRef = 9F4C7260254732DC00699C0E /* SpotifyPlaylistList.swift */; };
		9F4C72652547330100699C0E /* AddServiceView.swift in Sources */ = {isa = PBXBuildFile; fileRef = 9F4C72642547330100699C0E /* AddServiceView.swift */; };
		9F5E52FC254743CD00B4E7C9 /* AppleMusicPlaylistsViewModel.swift in Sources */ = {isa = PBXBuildFile; fileRef = 9F5E52FB254743CD00B4E7C9 /* AppleMusicPlaylistsViewModel.swift */; };
		9F69002F254755080071BEBA /* SpotifyPlaylistDetailView.swift in Sources */ = {isa = PBXBuildFile; fileRef = 9F69002E254755080071BEBA /* SpotifyPlaylistDetailView.swift */; };
		9F690032254755200071BEBA /* SpotifyPlaylistDetailViewModel.swift in Sources */ = {isa = PBXBuildFile; fileRef = 9F690031254755200071BEBA /* SpotifyPlaylistDetailViewModel.swift */; };
		9F91012E2549CF0C00F97C90 /* OpenLinkView.swift in Sources */ = {isa = PBXBuildFile; fileRef = 9F91012D2549CF0C00F97C90 /* OpenLinkView.swift */; };
		9F9101332549CF4F00F97C90 /* OpenLinkViewModel.swift in Sources */ = {isa = PBXBuildFile; fileRef = 9F9101322549CF4F00F97C90 /* OpenLinkViewModel.swift */; };
		9F91EFD3254D732400A7FEFD /* ImageFromUrlViewModel.swift in Sources */ = {isa = PBXBuildFile; fileRef = 9F91EFD2254D732400A7FEFD /* ImageFromUrlViewModel.swift */; };
		9F91EFD7254D77FB00A7FEFD /* ImageView.swift in Sources */ = {isa = PBXBuildFile; fileRef = 9F91EFD6254D77FB00A7FEFD /* ImageView.swift */; };
		9F91EFDA254DAD0600A7FEFD /* PlaylistItem.swift in Sources */ = {isa = PBXBuildFile; fileRef = 9F91EFD9254DAD0600A7FEFD /* PlaylistItem.swift */; };
		9F91EFDD254DAD1300A7FEFD /* SongItem.swift in Sources */ = {isa = PBXBuildFile; fileRef = 9F91EFDC254DAD1300A7FEFD /* SongItem.swift */; };
		9FB8535125474968000521B0 /* SpotifyPlaylistsViewModel.swift in Sources */ = {isa = PBXBuildFile; fileRef = 9FB8535025474968000521B0 /* SpotifyPlaylistsViewModel.swift */; };
		9FB8535425474EE0000521B0 /* AppleMusicPlaylistDetail.swift in Sources */ = {isa = PBXBuildFile; fileRef = 9FB8535325474EE0000521B0 /* AppleMusicPlaylistDetail.swift */; };
		9FB8535925474F85000521B0 /* AppleMusicPlaylistDetailViewModel.swift in Sources */ = {isa = PBXBuildFile; fileRef = 9FB8535825474F85000521B0 /* AppleMusicPlaylistDetailViewModel.swift */; };
/* End PBXBuildFile section */

/* Begin PBXFileReference section */
		9F4C72382547322F00699C0E /* Spotify-Apple-Music-Transfer.app */ = {isa = PBXFileReference; explicitFileType = wrapper.application; includeInIndex = 0; path = "Spotify-Apple-Music-Transfer.app"; sourceTree = BUILT_PRODUCTS_DIR; };
		9F4C723B2547322F00699C0E /* Spotify_Apple_Music_TransferApp.swift */ = {isa = PBXFileReference; lastKnownFileType = sourcecode.swift; path = Spotify_Apple_Music_TransferApp.swift; sourceTree = "<group>"; };
		9F4C723D2547322F00699C0E /* ContentView.swift */ = {isa = PBXFileReference; lastKnownFileType = sourcecode.swift; path = ContentView.swift; sourceTree = "<group>"; };
		9F4C723F2547323100699C0E /* Assets.xcassets */ = {isa = PBXFileReference; lastKnownFileType = folder.assetcatalog; path = Assets.xcassets; sourceTree = "<group>"; };
		9F4C72422547323100699C0E /* Preview Assets.xcassets */ = {isa = PBXFileReference; lastKnownFileType = folder.assetcatalog; path = "Preview Assets.xcassets"; sourceTree = "<group>"; };
		9F4C72442547323100699C0E /* Info.plist */ = {isa = PBXFileReference; lastKnownFileType = text.plist.xml; path = Info.plist; sourceTree = "<group>"; };
		9F4C72552547329600699C0E /* AppleMusicAuthViewModel.swift */ = {isa = PBXFileReference; lastKnownFileType = sourcecode.swift; path = AppleMusicAuthViewModel.swift; sourceTree = "<group>"; };
		9F4C7259254732A200699C0E /* SpotifyAuthViewModel.swift */ = {isa = PBXFileReference; lastKnownFileType = sourcecode.swift; path = SpotifyAuthViewModel.swift; sourceTree = "<group>"; };
		9F4C725C254732CF00699C0E /* AppleMusicPlaylistList.swift */ = {isa = PBXFileReference; lastKnownFileType = sourcecode.swift; path = AppleMusicPlaylistList.swift; sourceTree = "<group>"; };
		9F4C7260254732DC00699C0E /* SpotifyPlaylistList.swift */ = {isa = PBXFileReference; lastKnownFileType = sourcecode.swift; path = SpotifyPlaylistList.swift; sourceTree = "<group>"; };
		9F4C72642547330100699C0E /* AddServiceView.swift */ = {isa = PBXFileReference; lastKnownFileType = sourcecode.swift; path = AddServiceView.swift; sourceTree = "<group>"; };
		9F5E52FB254743CD00B4E7C9 /* AppleMusicPlaylistsViewModel.swift */ = {isa = PBXFileReference; lastKnownFileType = sourcecode.swift; path = AppleMusicPlaylistsViewModel.swift; sourceTree = "<group>"; };
		9F69002E254755080071BEBA /* SpotifyPlaylistDetailView.swift */ = {isa = PBXFileReference; lastKnownFileType = sourcecode.swift; path = SpotifyPlaylistDetailView.swift; sourceTree = "<group>"; };
		9F690031254755200071BEBA /* SpotifyPlaylistDetailViewModel.swift */ = {isa = PBXFileReference; lastKnownFileType = sourcecode.swift; path = SpotifyPlaylistDetailViewModel.swift; sourceTree = "<group>"; };
		9F91012D2549CF0C00F97C90 /* OpenLinkView.swift */ = {isa = PBXFileReference; lastKnownFileType = sourcecode.swift; path = OpenLinkView.swift; sourceTree = "<group>"; };
		9F9101322549CF4F00F97C90 /* OpenLinkViewModel.swift */ = {isa = PBXFileReference; lastKnownFileType = sourcecode.swift; path = OpenLinkViewModel.swift; sourceTree = "<group>"; };
		9F91EFD2254D732400A7FEFD /* ImageFromUrlViewModel.swift */ = {isa = PBXFileReference; lastKnownFileType = sourcecode.swift; path = ImageFromUrlViewModel.swift; sourceTree = "<group>"; };
		9F91EFD6254D77FB00A7FEFD /* ImageView.swift */ = {isa = PBXFileReference; lastKnownFileType = sourcecode.swift; path = ImageView.swift; sourceTree = "<group>"; };
		9F91EFD9254DAD0600A7FEFD /* PlaylistItem.swift */ = {isa = PBXFileReference; lastKnownFileType = sourcecode.swift; path = PlaylistItem.swift; sourceTree = "<group>"; };
		9F91EFDC254DAD1300A7FEFD /* SongItem.swift */ = {isa = PBXFileReference; lastKnownFileType = sourcecode.swift; path = SongItem.swift; sourceTree = "<group>"; };
		9FB8535025474968000521B0 /* SpotifyPlaylistsViewModel.swift */ = {isa = PBXFileReference; lastKnownFileType = sourcecode.swift; path = SpotifyPlaylistsViewModel.swift; sourceTree = "<group>"; };
		9FB8535325474EE0000521B0 /* AppleMusicPlaylistDetail.swift */ = {isa = PBXFileReference; lastKnownFileType = sourcecode.swift; path = AppleMusicPlaylistDetail.swift; sourceTree = "<group>"; };
		9FB8535825474F85000521B0 /* AppleMusicPlaylistDetailViewModel.swift */ = {isa = PBXFileReference; lastKnownFileType = sourcecode.swift; path = AppleMusicPlaylistDetailViewModel.swift; sourceTree = "<group>"; };
/* End PBXFileReference section */

/* Begin PBXFrameworksBuildPhase section */
		9F4C72352547322F00699C0E /* Frameworks */ = {
			isa = PBXFrameworksBuildPhase;
			buildActionMask = 2147483647;
			files = (
				9F4C72512547326900699C0E /* SpotifyAPI in Frameworks */,
				9F4C724D2547325100699C0E /* AppleMusicAPI in Frameworks */,
			);
			runOnlyForDeploymentPostprocessing = 0;
		};
/* End PBXFrameworksBuildPhase section */

/* Begin PBXGroup section */
		9F4C722F2547322F00699C0E = {
			isa = PBXGroup;
			children = (
				9F4C723A2547322F00699C0E /* Spotify-Apple-Music-Transfer */,
				9F4C72392547322F00699C0E /* Products */,
			);
			sourceTree = "<group>";
		};
		9F4C72392547322F00699C0E /* Products */ = {
			isa = PBXGroup;
			children = (
				9F4C72382547322F00699C0E /* Spotify-Apple-Music-Transfer.app */,
			);
			name = Products;
			sourceTree = "<group>";
		};
		9F4C723A2547322F00699C0E /* Spotify-Apple-Music-Transfer */ = {
			isa = PBXGroup;
			children = (
				9F4C723B2547322F00699C0E /* Spotify_Apple_Music_TransferApp.swift */,
				9F4C723F2547323100699C0E /* Assets.xcassets */,
				9F4C72442547323100699C0E /* Info.plist */,
				9F4C72542547327D00699C0E /* ViewModels */,
				9F4C72532547327700699C0E /* Views */,
				9F4C72412547323100699C0E /* Preview Content */,
			);
			path = "Spotify-Apple-Music-Transfer";
			sourceTree = "<group>";
		};
		9F4C72412547323100699C0E /* Preview Content */ = {
			isa = PBXGroup;
			children = (
				9F4C72422547323100699C0E /* Preview Assets.xcassets */,
			);
			path = "Preview Content";
			sourceTree = "<group>";
		};
		9F4C72532547327700699C0E /* Views */ = {
			isa = PBXGroup;
			children = (
				9F91EFDF254DAD1A00A7FEFD /* Common */,
				9F4C723D2547322F00699C0E /* ContentView.swift */,
				9F4C72642547330100699C0E /* AddServiceView.swift */,
				9F910138254A313B00F97C90 /* Clipboard */,
				9FB8535625474EE4000521B0 /* AppleMusic */,
				9FB8535725474EF0000521B0 /* Spotify */,
			);
			path = Views;
			sourceTree = "<group>";
		};
		9F4C72542547327D00699C0E /* ViewModels */ = {
			isa = PBXGroup;
			children = (
				9F72540E2548DB8300CCDAFC /* Spotify */,
				9F72540D2548DB7600CCDAFC /* AppleMusic */,
				9F9101322549CF4F00F97C90 /* OpenLinkViewModel.swift */,
				9F91EFD2254D732400A7FEFD /* ImageFromUrlViewModel.swift */,
			);
			path = ViewModels;
			sourceTree = "<group>";
		};
		9F72540D2548DB7600CCDAFC /* AppleMusic */ = {
			isa = PBXGroup;
			children = (
				9F4C72552547329600699C0E /* AppleMusicAuthViewModel.swift */,
				9F5E52FB254743CD00B4E7C9 /* AppleMusicPlaylistsViewModel.swift */,
				9FB8535825474F85000521B0 /* AppleMusicPlaylistDetailViewModel.swift */,
			);
			path = AppleMusic;
			sourceTree = "<group>";
		};
		9F72540E2548DB8300CCDAFC /* Spotify */ = {
			isa = PBXGroup;
			children = (
				9F4C7259254732A200699C0E /* SpotifyAuthViewModel.swift */,
				9FB8535025474968000521B0 /* SpotifyPlaylistsViewModel.swift */,
				9F690031254755200071BEBA /* SpotifyPlaylistDetailViewModel.swift */,
			);
			path = Spotify;
			sourceTree = "<group>";
		};
		9F910138254A313B00F97C90 /* Clipboard */ = {
			isa = PBXGroup;
			children = (
				9F91012D2549CF0C00F97C90 /* OpenLinkView.swift */,
			);
			path = Clipboard;
			sourceTree = "<group>";
		};
		9F91EFDF254DAD1A00A7FEFD /* Common */ = {
			isa = PBXGroup;
			children = (
				9F91EFD6254D77FB00A7FEFD /* ImageView.swift */,
				9F91EFD9254DAD0600A7FEFD /* PlaylistItem.swift */,
				9F91EFDC254DAD1300A7FEFD /* SongItem.swift */,
			);
			path = Common;
			sourceTree = "<group>";
		};
		9FB8535625474EE4000521B0 /* AppleMusic */ = {
			isa = PBXGroup;
			children = (
				9F4C725C254732CF00699C0E /* AppleMusicPlaylistList.swift */,
				9FB8535325474EE0000521B0 /* AppleMusicPlaylistDetail.swift */,
			);
			path = AppleMusic;
			sourceTree = "<group>";
		};
		9FB8535725474EF0000521B0 /* Spotify */ = {
			isa = PBXGroup;
			children = (
				9F4C7260254732DC00699C0E /* SpotifyPlaylistList.swift */,
				9F69002E254755080071BEBA /* SpotifyPlaylistDetailView.swift */,
			);
			path = Spotify;
			sourceTree = "<group>";
		};
/* End PBXGroup section */

/* Begin PBXNativeTarget section */
		9F4C72372547322F00699C0E /* Spotify-Apple-Music-Transfer */ = {
			isa = PBXNativeTarget;
			buildConfigurationList = 9F4C72472547323100699C0E /* Build configuration list for PBXNativeTarget "Spotify-Apple-Music-Transfer" */;
			buildPhases = (
				9F4C72342547322F00699C0E /* Sources */,
				9F4C72352547322F00699C0E /* Frameworks */,
				9F4C72362547322F00699C0E /* Resources */,
			);
			buildRules = (
			);
			dependencies = (
			);
			name = "Spotify-Apple-Music-Transfer";
			packageProductDependencies = (
				9F4C724C2547325100699C0E /* AppleMusicAPI */,
				9F4C72502547326900699C0E /* SpotifyAPI */,
			);
			productName = "Spotify-Apple-Music-Transfer";
			productReference = 9F4C72382547322F00699C0E /* Spotify-Apple-Music-Transfer.app */;
			productType = "com.apple.product-type.application";
		};
/* End PBXNativeTarget section */

/* Begin PBXProject section */
		9F4C72302547322F00699C0E /* Project object */ = {
			isa = PBXProject;
			attributes = {
				LastSwiftUpdateCheck = 1210;
				LastUpgradeCheck = 1210;
				TargetAttributes = {
					9F4C72372547322F00699C0E = {
						CreatedOnToolsVersion = 12.1;
					};
				};
			};
			buildConfigurationList = 9F4C72332547322F00699C0E /* Build configuration list for PBXProject "Spotify-Apple-Music-Transfer" */;
			compatibilityVersion = "Xcode 9.3";
			developmentRegion = en;
			hasScannedForEncodings = 0;
			knownRegions = (
				en,
				Base,
			);
			mainGroup = 9F4C722F2547322F00699C0E;
			packageReferences = (
				9F4C724B2547325100699C0E /* XCRemoteSwiftPackageReference "AppleMusicForSwift" */,
				9F4C724F2547326900699C0E /* XCRemoteSwiftPackageReference "SpotifyForSwift" */,
			);
			productRefGroup = 9F4C72392547322F00699C0E /* Products */;
			projectDirPath = "";
			projectRoot = "";
			targets = (
				9F4C72372547322F00699C0E /* Spotify-Apple-Music-Transfer */,
			);
		};
/* End PBXProject section */

/* Begin PBXResourcesBuildPhase section */
		9F4C72362547322F00699C0E /* Resources */ = {
			isa = PBXResourcesBuildPhase;
			buildActionMask = 2147483647;
			files = (
				9F4C72432547323100699C0E /* Preview Assets.xcassets in Resources */,
				9F4C72402547323100699C0E /* Assets.xcassets in Resources */,
			);
			runOnlyForDeploymentPostprocessing = 0;
		};
/* End PBXResourcesBuildPhase section */

/* Begin PBXSourcesBuildPhase section */
		9F4C72342547322F00699C0E /* Sources */ = {
			isa = PBXSourcesBuildPhase;
			buildActionMask = 2147483647;
			files = (
				9F4C725D254732CF00699C0E /* AppleMusicPlaylistList.swift in Sources */,
				9F4C723E2547322F00699C0E /* ContentView.swift in Sources */,
				9F9101332549CF4F00F97C90 /* OpenLinkViewModel.swift in Sources */,
				9F91EFD7254D77FB00A7FEFD /* ImageView.swift in Sources */,
				9F91012E2549CF0C00F97C90 /* OpenLinkView.swift in Sources */,
				9F4C72652547330100699C0E /* AddServiceView.swift in Sources */,
				9F4C723C2547322F00699C0E /* Spotify_Apple_Music_TransferApp.swift in Sources */,
				9F91EFD3254D732400A7FEFD /* ImageFromUrlViewModel.swift in Sources */,
				9F91EFDD254DAD1300A7FEFD /* SongItem.swift in Sources */,
				9F69002F254755080071BEBA /* SpotifyPlaylistDetailView.swift in Sources */,
				9F4C7261254732DC00699C0E /* SpotifyPlaylistList.swift in Sources */,
				9F91EFDA254DAD0600A7FEFD /* PlaylistItem.swift in Sources */,
				9F5E52FC254743CD00B4E7C9 /* AppleMusicPlaylistsViewModel.swift in Sources */,
				9FB8535125474968000521B0 /* SpotifyPlaylistsViewModel.swift in Sources */,
				9F690032254755200071BEBA /* SpotifyPlaylistDetailViewModel.swift in Sources */,
				9FB8535925474F85000521B0 /* AppleMusicPlaylistDetailViewModel.swift in Sources */,
				9F4C72562547329600699C0E /* AppleMusicAuthViewModel.swift in Sources */,
				9F4C725A254732A200699C0E /* SpotifyAuthViewModel.swift in Sources */,
				9FB8535425474EE0000521B0 /* AppleMusicPlaylistDetail.swift in Sources */,
			);
			runOnlyForDeploymentPostprocessing = 0;
		};
/* End PBXSourcesBuildPhase section */

/* Begin XCBuildConfiguration section */
		9F4C72452547323100699C0E /* Debug */ = {
			isa = XCBuildConfiguration;
			buildSettings = {
				ALWAYS_SEARCH_USER_PATHS = NO;
				CLANG_ANALYZER_NONNULL = YES;
				CLANG_ANALYZER_NUMBER_OBJECT_CONVERSION = YES_AGGRESSIVE;
				CLANG_CXX_LANGUAGE_STANDARD = "gnu++14";
				CLANG_CXX_LIBRARY = "libc++";
				CLANG_ENABLE_MODULES = YES;
				CLANG_ENABLE_OBJC_ARC = YES;
				CLANG_ENABLE_OBJC_WEAK = YES;
				CLANG_WARN_BLOCK_CAPTURE_AUTORELEASING = YES;
				CLANG_WARN_BOOL_CONVERSION = YES;
				CLANG_WARN_COMMA = YES;
				CLANG_WARN_CONSTANT_CONVERSION = YES;
				CLANG_WARN_DEPRECATED_OBJC_IMPLEMENTATIONS = YES;
				CLANG_WARN_DIRECT_OBJC_ISA_USAGE = YES_ERROR;
				CLANG_WARN_DOCUMENTATION_COMMENTS = YES;
				CLANG_WARN_EMPTY_BODY = YES;
				CLANG_WARN_ENUM_CONVERSION = YES;
				CLANG_WARN_INFINITE_RECURSION = YES;
				CLANG_WARN_INT_CONVERSION = YES;
				CLANG_WARN_NON_LITERAL_NULL_CONVERSION = YES;
				CLANG_WARN_OBJC_IMPLICIT_RETAIN_SELF = YES;
				CLANG_WARN_OBJC_LITERAL_CONVERSION = YES;
				CLANG_WARN_OBJC_ROOT_CLASS = YES_ERROR;
				CLANG_WARN_QUOTED_INCLUDE_IN_FRAMEWORK_HEADER = YES;
				CLANG_WARN_RANGE_LOOP_ANALYSIS = YES;
				CLANG_WARN_STRICT_PROTOTYPES = YES;
				CLANG_WARN_SUSPICIOUS_MOVE = YES;
				CLANG_WARN_UNGUARDED_AVAILABILITY = YES_AGGRESSIVE;
				CLANG_WARN_UNREACHABLE_CODE = YES;
				CLANG_WARN__DUPLICATE_METHOD_MATCH = YES;
				COPY_PHASE_STRIP = NO;
				DEBUG_INFORMATION_FORMAT = dwarf;
				ENABLE_STRICT_OBJC_MSGSEND = YES;
				ENABLE_TESTABILITY = YES;
				GCC_C_LANGUAGE_STANDARD = gnu11;
				GCC_DYNAMIC_NO_PIC = NO;
				GCC_NO_COMMON_BLOCKS = YES;
				GCC_OPTIMIZATION_LEVEL = 0;
				GCC_PREPROCESSOR_DEFINITIONS = (
					"DEBUG=1",
					"$(inherited)",
				);
				GCC_WARN_64_TO_32_BIT_CONVERSION = YES;
				GCC_WARN_ABOUT_RETURN_TYPE = YES_ERROR;
				GCC_WARN_UNDECLARED_SELECTOR = YES;
				GCC_WARN_UNINITIALIZED_AUTOS = YES_AGGRESSIVE;
				GCC_WARN_UNUSED_FUNCTION = YES;
				GCC_WARN_UNUSED_VARIABLE = YES;
				IPHONEOS_DEPLOYMENT_TARGET = 14.1;
				MTL_ENABLE_DEBUG_INFO = INCLUDE_SOURCE;
				MTL_FAST_MATH = YES;
				ONLY_ACTIVE_ARCH = YES;
				SDKROOT = iphoneos;
				SWIFT_ACTIVE_COMPILATION_CONDITIONS = DEBUG;
				SWIFT_OPTIMIZATION_LEVEL = "-Onone";
			};
			name = Debug;
		};
		9F4C72462547323100699C0E /* Release */ = {
			isa = XCBuildConfiguration;
			buildSettings = {
				ALWAYS_SEARCH_USER_PATHS = NO;
				CLANG_ANALYZER_NONNULL = YES;
				CLANG_ANALYZER_NUMBER_OBJECT_CONVERSION = YES_AGGRESSIVE;
				CLANG_CXX_LANGUAGE_STANDARD = "gnu++14";
				CLANG_CXX_LIBRARY = "libc++";
				CLANG_ENABLE_MODULES = YES;
				CLANG_ENABLE_OBJC_ARC = YES;
				CLANG_ENABLE_OBJC_WEAK = YES;
				CLANG_WARN_BLOCK_CAPTURE_AUTORELEASING = YES;
				CLANG_WARN_BOOL_CONVERSION = YES;
				CLANG_WARN_COMMA = YES;
				CLANG_WARN_CONSTANT_CONVERSION = YES;
				CLANG_WARN_DEPRECATED_OBJC_IMPLEMENTATIONS = YES;
				CLANG_WARN_DIRECT_OBJC_ISA_USAGE = YES_ERROR;
				CLANG_WARN_DOCUMENTATION_COMMENTS = YES;
				CLANG_WARN_EMPTY_BODY = YES;
				CLANG_WARN_ENUM_CONVERSION = YES;
				CLANG_WARN_INFINITE_RECURSION = YES;
				CLANG_WARN_INT_CONVERSION = YES;
				CLANG_WARN_NON_LITERAL_NULL_CONVERSION = YES;
				CLANG_WARN_OBJC_IMPLICIT_RETAIN_SELF = YES;
				CLANG_WARN_OBJC_LITERAL_CONVERSION = YES;
				CLANG_WARN_OBJC_ROOT_CLASS = YES_ERROR;
				CLANG_WARN_QUOTED_INCLUDE_IN_FRAMEWORK_HEADER = YES;
				CLANG_WARN_RANGE_LOOP_ANALYSIS = YES;
				CLANG_WARN_STRICT_PROTOTYPES = YES;
				CLANG_WARN_SUSPICIOUS_MOVE = YES;
				CLANG_WARN_UNGUARDED_AVAILABILITY = YES_AGGRESSIVE;
				CLANG_WARN_UNREACHABLE_CODE = YES;
				CLANG_WARN__DUPLICATE_METHOD_MATCH = YES;
				COPY_PHASE_STRIP = NO;
				DEBUG_INFORMATION_FORMAT = "dwarf-with-dsym";
				ENABLE_NS_ASSERTIONS = NO;
				ENABLE_STRICT_OBJC_MSGSEND = YES;
				GCC_C_LANGUAGE_STANDARD = gnu11;
				GCC_NO_COMMON_BLOCKS = YES;
				GCC_WARN_64_TO_32_BIT_CONVERSION = YES;
				GCC_WARN_ABOUT_RETURN_TYPE = YES_ERROR;
				GCC_WARN_UNDECLARED_SELECTOR = YES;
				GCC_WARN_UNINITIALIZED_AUTOS = YES_AGGRESSIVE;
				GCC_WARN_UNUSED_FUNCTION = YES;
				GCC_WARN_UNUSED_VARIABLE = YES;
				IPHONEOS_DEPLOYMENT_TARGET = 14.1;
				MTL_ENABLE_DEBUG_INFO = NO;
				MTL_FAST_MATH = YES;
				SDKROOT = iphoneos;
				SWIFT_COMPILATION_MODE = wholemodule;
				SWIFT_OPTIMIZATION_LEVEL = "-O";
				VALIDATE_PRODUCT = YES;
			};
			name = Release;
		};
		9F4C72482547323100699C0E /* Debug */ = {
			isa = XCBuildConfiguration;
			buildSettings = {
				ASSETCATALOG_COMPILER_APPICON_NAME = AppIcon;
				ASSETCATALOG_COMPILER_GLOBAL_ACCENT_COLOR_NAME = AccentColor;
				CODE_SIGN_STYLE = Automatic;
				DEVELOPMENT_ASSET_PATHS = "\"Spotify-Apple-Music-Transfer/Preview Content\"";
				DEVELOPMENT_TEAM = 9Y2AMH5S23;
				ENABLE_PREVIEWS = YES;
				INFOPLIST_FILE = "Spotify-Apple-Music-Transfer/Info.plist";
				IPHONEOS_DEPLOYMENT_TARGET = 14.0;
				LD_RUNPATH_SEARCH_PATHS = (
					"$(inherited)",
					"@executable_path/Frameworks",
				);
				PRODUCT_BUNDLE_IDENTIFIER = "TedB.Spotify-Apple-Music-Transfer";
				PRODUCT_NAME = "$(TARGET_NAME)";
				SWIFT_VERSION = 5.0;
				TARGETED_DEVICE_FAMILY = "1,2";
			};
			name = Debug;
		};
		9F4C72492547323100699C0E /* Release */ = {
			isa = XCBuildConfiguration;
			buildSettings = {
				ASSETCATALOG_COMPILER_APPICON_NAME = AppIcon;
				ASSETCATALOG_COMPILER_GLOBAL_ACCENT_COLOR_NAME = AccentColor;
				CODE_SIGN_STYLE = Automatic;
				DEVELOPMENT_ASSET_PATHS = "\"Spotify-Apple-Music-Transfer/Preview Content\"";
				DEVELOPMENT_TEAM = 9Y2AMH5S23;
				ENABLE_PREVIEWS = YES;
				INFOPLIST_FILE = "Spotify-Apple-Music-Transfer/Info.plist";
				IPHONEOS_DEPLOYMENT_TARGET = 14.0;
				LD_RUNPATH_SEARCH_PATHS = (
					"$(inherited)",
					"@executable_path/Frameworks",
				);
				PRODUCT_BUNDLE_IDENTIFIER = "TedB.Spotify-Apple-Music-Transfer";
				PRODUCT_NAME = "$(TARGET_NAME)";
				SWIFT_VERSION = 5.0;
				TARGETED_DEVICE_FAMILY = "1,2";
			};
			name = Release;
		};
/* End XCBuildConfiguration section */

/* Begin XCConfigurationList section */
		9F4C72332547322F00699C0E /* Build configuration list for PBXProject "Spotify-Apple-Music-Transfer" */ = {
			isa = XCConfigurationList;
			buildConfigurations = (
				9F4C72452547323100699C0E /* Debug */,
				9F4C72462547323100699C0E /* Release */,
			);
			defaultConfigurationIsVisible = 0;
			defaultConfigurationName = Release;
		};
		9F4C72472547323100699C0E /* Build configuration list for PBXNativeTarget "Spotify-Apple-Music-Transfer" */ = {
			isa = XCConfigurationList;
			buildConfigurations = (
				9F4C72482547323100699C0E /* Debug */,
				9F4C72492547323100699C0E /* Release */,
			);
			defaultConfigurationIsVisible = 0;
			defaultConfigurationName = Release;
		};
/* End XCConfigurationList section */

/* Begin XCRemoteSwiftPackageReference section */
		9F4C724B2547325100699C0E /* XCRemoteSwiftPackageReference "AppleMusicForSwift" */ = {
			isa = XCRemoteSwiftPackageReference;
			repositoryURL = "https://github.com/tedbennett/AppleMusicForSwift.git";
			requirement = {
				branch = main;
				kind = branch;
			};
		};
		9F4C724F2547326900699C0E /* XCRemoteSwiftPackageReference "SpotifyForSwift" */ = {
			isa = XCRemoteSwiftPackageReference;
			repositoryURL = "https://github.com/tedbennett/SpotifyForSwift.git";
			requirement = {
				branch = main;
				kind = branch;
			};
		};
/* End XCRemoteSwiftPackageReference section */

/* Begin XCSwiftPackageProductDependency section */
		9F4C724C2547325100699C0E /* AppleMusicAPI */ = {
			isa = XCSwiftPackageProductDependency;
			package = 9F4C724B2547325100699C0E /* XCRemoteSwiftPackageReference "AppleMusicForSwift" */;
			productName = AppleMusicAPI;
		};
		9F4C72502547326900699C0E /* SpotifyAPI */ = {
			isa = XCSwiftPackageProductDependency;
			package = 9F4C724F2547326900699C0E /* XCRemoteSwiftPackageReference "SpotifyForSwift" */;
			productName = SpotifyAPI;
		};
/* End XCSwiftPackageProductDependency section */
	};
	rootObject = 9F4C72302547322F00699C0E /* Project object */;
}
